
Microsoft Visual Studio Solution File, Format Version 12.00
# Visual Studio 14
VisualStudioVersion = 14.0.25420.1
MinimumVisualStudioVersion = 10.0.40219.1
Project("{FAE04EC0-301F-11D3-BF4B-00C04F79EFBC}") = "MoneyRate_XML", "MoneyRate_XML\MoneyRate_XML.csproj", "{C7CD0E0A-F5D3-4A21-A88D-281B07372BB8}"
EndProject
Global
	GlobalSection(SolutionConfigurationPlatforms) = preSolution
		Debug|Any CPU = Debug|Any CPU
		Release|Any CPU = Release|Any CPU
	EndGlobalSection
	GlobalSection(ProjectConfigurationPlatforms) = postSolution
		{C7CD0E0A-F5D3-4A21-A88D-281B07372BB8}.Debug|Any CPU.ActiveCfg = Debug|Any CPU
		{C7CD0E0A-F5D3-4A21-A88D-281B07372BB8}.Debug|Any CPU.Build.0 = Debug|Any CPU
		{C7CD0E0A-F5D3-4A21-A88D-281B07372BB8}.Release|Any CPU.ActiveCfg = Release|Any CPU
		{C7CD0E0A-F5D3-4A21-A88D-281B07372BB8}.Release|Any CPU.Build.0 = Release|Any CPU
	EndGlobalSection
	GlobalSection(SolutionProperties) = preSolution
		HideSolutionNode = FALSE
	EndGlobalSection
EndGlobal
