
Microsoft Visual Studio Solution File, Format Version 12.00
# Visual Studio 14
VisualStudioVersion = 14.0.25420.1
MinimumVisualStudioVersion = 10.0.40219.1
Project("{FAE04EC0-301F-11D3-BF4B-00C04F79EFBC}") = "FormControls", "FormControls\FormControls.csproj", "{F5405C22-F1F4-40FF-BCA5-F5C06A26CE31}"
EndProject
Global
	GlobalSection(SolutionConfigurationPlatforms) = preSolution
		Debug|Any CPU = Debug|Any CPU
		Release|Any CPU = Release|Any CPU
	EndGlobalSection
	GlobalSection(ProjectConfigurationPlatforms) = postSolution
		{F5405C22-F1F4-40FF-BCA5-F5C06A26CE31}.Debug|Any CPU.ActiveCfg = Debug|Any CPU
		{F5405C22-F1F4-40FF-BCA5-F5C06A26CE31}.Debug|Any CPU.Build.0 = Debug|Any CPU
		{F5405C22-F1F4-40FF-BCA5-F5C06A26CE31}.Release|Any CPU.ActiveCfg = Release|Any CPU
		{F5405C22-F1F4-40FF-BCA5-F5C06A26CE31}.Release|Any CPU.Build.0 = Release|Any CPU
	EndGlobalSection
	GlobalSection(SolutionProperties) = preSolution
		HideSolutionNode = FALSE
	EndGlobalSection
EndGlobal
